
Microsoft Visual Studio Solution File, Format Version 11.00
# Visual Studio 2010
Project("{FAE04EC0-301F-11D3-BF4B-00C04F79EFBC}") = "SchoolAlertWebService", "ByteStoreWebService\SchoolAlertWebService.csproj", "{1CDC3B69-A4D9-4A80-A970-B7D0FF22CC8B}"
EndProject
Global
	GlobalSection(SolutionConfigurationPlatforms) = preSolution
		Debug|Any CPU = Debug|Any CPU
		Release|Any CPU = Release|Any CPU
	EndGlobalSection
	GlobalSection(ProjectConfigurationPlatforms) = postSolution
		{1CDC3B69-A4D9-4A80-A970-B7D0FF22CC8B}.Debug|Any CPU.ActiveCfg = Debug|Any CPU
		{1CDC3B69-A4D9-4A80-A970-B7D0FF22CC8B}.Debug|Any CPU.Build.0 = Debug|Any CPU
		{1CDC3B69-A4D9-4A80-A970-B7D0FF22CC8B}.Release|Any CPU.ActiveCfg = Release|Any CPU
		{1CDC3B69-A4D9-4A80-A970-B7D0FF22CC8B}.Release|Any CPU.Build.0 = Release|Any CPU
	EndGlobalSection
	GlobalSection(MonoDevelopProperties) = preSolution
		StartupItem = ByteStoreWebService\SchoolAlertWebService.csproj
	EndGlobalSection
	GlobalSection(SolutionProperties) = preSolution
		HideSolutionNode = FALSE
	EndGlobalSection
EndGlobal
